{
  "nodes": {
    "disko": {
      "inputs": {
        "nixpkgs": [
          "nixpkgs-unstable"
        ]
      },
      "locked": {
        "lastModified": 1765326679,
        "narHash": "sha256-fTLX9kDwLr9Y0rH/nG+h1XG5UU+jBcy0PFYn5eneRX8=",
        "owner": "nix-community",
        "repo": "disko",
        "rev": "d64e5cdca35b5fad7c504f615357a7afe6d9c49e",
        "type": "github"
      },
      "original": {
        "owner": "nix-community",
        "repo": "disko",
        "type": "github"
      }
    },
    "nix-config": {
      "flake": false,
      "locked": {
        "lastModified": 1764868485,
        "narHash": "sha256-rQuNdeMEqmPDgN9Dnejr766EIY47ZnM81dAzfgdQfJA=",
        "owner": "ProfiiDev",
        "repo": "nix",
        "rev": "fd728a3a30bfd097cc4895ee8ced1ddc77e98993",
        "type": "github"
      },
      "original": {
        "owner": "ProfiiDev",
        "ref": "main",
        "repo": "nix",
        "type": "github"
      }
    },
    "nixpkgs-unstable": {
      "locked": {
        "lastModified": 1765186076,
        "narHash": "sha256-hM20uyap1a0M9d344I692r+ik4gTMyj60cQWO+hAYP8=",
        "owner": "nixos",
        "repo": "nixpkgs",
        "rev": "addf7cf5f383a3101ecfba091b98d0a1263dc9b8",
        "type": "github"
      },
      "original": {
        "owner": "nixos",
        "ref": "nixos-unstable",
        "repo": "nixpkgs",
        "type": "github"
      }
    },
    "root": {
      "inputs": {
        "disko": "disko",
        "nix-config": "nix-config",
        "nixpkgs-unstable": "nixpkgs-unstable",
        "sops-nix": "sops-nix"
      }
    },
    "sops-nix": {
      "inputs": {
        "nixpkgs": [
          "nixpkgs-unstable"
        ]
      },
      "locked": {
        "lastModified": 1765231718,
        "narHash": "sha256-qdBzo6puTgG4G2RHG0PkADg22ZnQo1JmSVFRxrD4QM4=",
        "owner": "mic92",
        "repo": "sops-nix",
        "rev": "7fd1416aba1865eddcdec5bb11339b7222c2363e",
        "type": "github"
      },
      "original": {
        "owner": "mic92",
        "repo": "sops-nix",
        "type": "github"
      }
    }
  },
  "root": "root",
  "version": 7
}
